PODS:
  - AFDownloadRequestOperation (2.0.1):
    - AFNetworking (~> 2.0)
  - AFNetworking (2.6.3):
    - AFNetworking/NSURLConnection (= 2.6.3)
    - AFNetworking/NSURLSession (= 2.6.3)
    - AFNetworking/Reachability (= 2.6.3)
    - AFNetworking/Security (= 2.6.3)
    - AFNetworking/Serialization (= 2.6.3)
    - AFNetworking/UIKit (= 2.6.3)
  - AFNetworking/NSURLConnection (2.6.3):
    - AFNetworking/Reachability
    - AFNetworking/Security
    - AFNetworking/Serialization
  - AFNetworking/NSURLSession (2.6.3):
    - AFNetworking/Reachability
    - AFNetworking/Security
    - AFNetworking/Serialization
  - AFNetworking/Reachability (2.6.3)
  - AFNetworking/Security (2.6.3)
  - AFNetworking/Serialization (2.6.3)
  - AFNetworking/UIKit (2.6.3):
    - AFNetworking/NSURLConnection
    - AFNetworking/NSURLSession
  - CocoaAsyncSocket (7.4.3):
    - CocoaAsyncSocket/All (= 7.4.3)
  - CocoaAsyncSocket/All (7.4.3):
    - CocoaAsyncSocket/GCD
    - CocoaAsyncSocket/RunLoop
  - CocoaAsyncSocket/GCD (7.4.3)
  - CocoaAsyncSocket/RunLoop (7.4.3)
  - FMDB (2.6.2):
    - FMDB/standard (= 2.6.2)
  - FMDB/standard (2.6.2)
  - LCActionSheet (1.2.3)
  - MBProgressHUD (0.9.2)
  - MJExtension (3.0.10)
  - MJRefresh (3.1.0)
  - Reachability (3.2)
  - SDAutoLayout (1.53)
  - SDCycleScrollView (1.64):
    - SDWebImage (~> 3.7)
  - SDWebImage (3.7.6):
    - SDWebImage/Core (= 3.7.6)
  - SDWebImage/Core (3.7.6)
  - YTKNetwork (1.0.0):
    - AFDownloadRequestOperation (~> 2.0)
    - AFNetworking (~> 2.0)

DEPENDENCIES:
  - CocoaAsyncSocket
  - FMDB
  - LCActionSheet
  - MBProgressHUD
  - MJExtension
  - MJRefresh
  - Reachability
  - SDAutoLayout
  - SDCycleScrollView
  - SDWebImage
  - YTKNetwork

SPEC CHECKSUMS:
  AFDownloadRequestOperation: 748a1643423e1ddb23f2178f778087d4f0ae8ac7
  AFNetworking: cb8d14a848e831097108418f5d49217339d4eb60
  CocoaAsyncSocket: a18c75dca4b08723628a0bacca6e94803d90be91
  FMDB: 854a0341b4726e53276f2a8996f06f1b80f9259a
  LCActionSheet: 690882cd8b9a6713f1b2881c3bb2c7f11954d034
  MBProgressHUD: 1569cf7ace17a8bac47aabfbb8580a49690386d1
  MJExtension: d86aacb740c87519d20e3cca55b6fa4be6cc7548
  MJRefresh: 743e6404967d1c2c688472ea3ecfde247d872db4
  Reachability: 33e18b67625424e47b6cde6d202dce689ad7af96
  SDAutoLayout: ea6e2ae9fbb438aa2feb0c4363dba9297e98638a
  SDCycleScrollView: 806fedb9342ab03b58b84442f985517b42c7cbb7
  SDWebImage: c325cf02c30337336b95beff20a13df489ec0ec9
  YTKNetwork: 28ef7a3c119f61e737a76abbe74ff2fe1afec913

COCOAPODS: 0.39.0
